{
  "version": 4,
  "terraform_version": "1.9.8",
  "serial": 3,
  "lineage": "c5dcc07f-ce7c-ed9a-b849-6282a68bf042",
  "outputs": {},
  "resources": [
    {
      "mode": "managed",
      "type": "local_file",
      "name": "local_name",
      "provider": "provider[\"registry.terraform.io/hashicorp/local\"]",
      "instances": [
        {
          "schema_version": 0,
          "attributes": {
            "content": "Hey, This is for learning purpose. This line is updated",
            "content_base64": null,
            "content_base64sha256": "q8bw6k47rxvnfKsv411HC41suroDeMTPD1hsme6uawQ=",
            "content_base64sha512": "kerTcKglnkpKMWhfmlrnGAvW7YRqlov8p6as1YSscFuL2e8ay1tlW6Ew6wVFQlYKlKzv7hcNVN80g43TGGMz6g==",
            "content_md5": "3a38006f32c86dee736fc40d212235d0",
            "content_sha1": "d3e63543402532d4bef71d53d560b03e841c3329",
            "content_sha256": "abc6f0ea4e3baf1be77cab2fe35d470b8d6cbaba0378c4cf0f586c99eeae6b04",
            "content_sha512": "91ead370a8259e4a4a31685f9a5ae7180bd6ed846a968bfca7a6acd584ac705b8bd9ef1acb5b655ba130eb054542560a94acefee170d54df34838dd3186333ea",
            "directory_permission": "0777",
            "file_permission": "0777",
            "filename": "C:/Users/ATGWORKS/OneDrive/Desktop/Terraform/COURSE/01_basics/example.txt",
            "id": "d3e63543402532d4bef71d53d560b03e841c3329",
            "sensitive_content": null,
            "source": null
          },
          "sensitive_attributes": [
            [
              {
                "type": "get_attr",
                "value": "sensitive_content"
              }
            ]
          ]
        }
      ]
    }
  ],
  "check_results": null
}
