{
  "version": 4,
  "terraform_version": "1.9.8",
  "serial": 14,
  "lineage": "c5dcc07f-ce7c-ed9a-b849-6282a68bf042",
  "outputs": {},
  "resources": [
    {
      "mode": "managed",
      "type": "local_file",
      "name": "local_name",
      "provider": "provider[\"registry.terraform.io/hashicorp/local\"]",
      "instances": [
        {
          "schema_version": 0,
          "attributes": {
            "content": "This line is updated",
            "content_base64": null,
            "content_base64sha256": "Uli6WrJwUhGp8xwCZTDghlwb81NuY3t5+gzZJ4NAoxQ=",
            "content_base64sha512": "0QYDEoEU/ao1V5vc+NIBBinUFbcLvvEbEfuLS86yvSpFDeIaOUWr01rYGCbKjDBzR54lKmqwfC5N2TFodvcumQ==",
            "content_md5": "29ca4d3a8afcc43e206a4a317409cb77",
            "content_sha1": "be48af091887608a823c4c5471261111826b6e48",
            "content_sha256": "5258ba5ab2705211a9f31c026530e0865c1bf3536e637b79fa0cd9278340a314",
            "content_sha512": "d10603128114fdaa35579bdcf8d2010629d415b70bbef11b11fb8b4bceb2bd2a450de21a3945abd35ad81826ca8c3073479e252a6ab07c2e4dd9316876f72e99",
            "directory_permission": "0777",
            "file_permission": "0777",
            "filename": "C:/Users/ATGWORKS/OneDrive/Desktop/Terraform/COURSE/01_basics/example.txt",
            "id": "be48af091887608a823c4c5471261111826b6e48",
            "sensitive_content": null,
            "source": null
          },
          "sensitive_attributes": [
            [
              {
                "type": "get_attr",
                "value": "sensitive_content"
              }
            ]
          ]
        }
      ]
    },
    {
      "mode": "managed",
      "type": "local_sensitive_file",
      "name": "local_sensitive_name",
      "provider": "provider[\"registry.terraform.io/hashicorp/local\"]",
      "instances": [
        {
          "schema_version": 0,
          "attributes": {
            "content": "This is a senstive information",
            "content_base64": null,
            "content_base64sha256": "Brp6XP9ry2sr3yWRlI20w+daMyARNGQWChoxfyFd+7Q=",
            "content_base64sha512": "L0n+1DPDPvYQH8SBjLLGG9z7wMQ2vFKZ1ZPJN53IDwdw+J66NaqgsZgc5mmpcdnbgRNq1X3kAxedZY1xVpBtgg==",
            "content_md5": "99f84efd53e4d50d6954e8887d3fd807",
            "content_sha1": "b040846377ddea2d677151d1777839c0c4d33c0e",
            "content_sha256": "06ba7a5cff6bcb6b2bdf2591948db4c3e75a3320113464160a1a317f215dfbb4",
            "content_sha512": "2f49fed433c33ef6101fc4818cb2c61bdcfbc0c436bc5299d593c9379dc80f0770f89eba35aaa0b1981ce669a971d9db81136ad57de403179d658d7156906d82",
            "directory_permission": "0700",
            "file_permission": "0700",
            "filename": "C:/Users/ATGWORKS/OneDrive/Desktop/Terraform/COURSE/01_basics/example_senstive.txt",
            "id": "b040846377ddea2d677151d1777839c0c4d33c0e",
            "source": null
          },
          "sensitive_attributes": [
            [
              {
                "type": "get_attr",
                "value": "content_base64"
              }
            ],
            [
              {
                "type": "get_attr",
                "value": "content"
              }
            ]
          ]
        }
      ]
    }
  ],
  "check_results": null
}
