{
  "version": 4,
  "terraform_version": "1.9.8",
  "serial": 6,
  "lineage": "c5dcc07f-ce7c-ed9a-b849-6282a68bf042",
  "outputs": {},
  "resources": [
    {
      "mode": "managed",
      "type": "local_file",
      "name": "local_name",
      "provider": "provider[\"registry.terraform.io/hashicorp/local\"]",
      "instances": [
        {
          "schema_version": 0,
          "attributes": {
            "content": "This line is updated",
            "content_base64": null,
            "content_base64sha256": "Uli6WrJwUhGp8xwCZTDghlwb81NuY3t5+gzZJ4NAoxQ=",
            "content_base64sha512": "0QYDEoEU/ao1V5vc+NIBBinUFbcLvvEbEfuLS86yvSpFDeIaOUWr01rYGCbKjDBzR54lKmqwfC5N2TFodvcumQ==",
            "content_md5": "29ca4d3a8afcc43e206a4a317409cb77",
            "content_sha1": "be48af091887608a823c4c5471261111826b6e48",
            "content_sha256": "5258ba5ab2705211a9f31c026530e0865c1bf3536e637b79fa0cd9278340a314",
            "content_sha512": "d10603128114fdaa35579bdcf8d2010629d415b70bbef11b11fb8b4bceb2bd2a450de21a3945abd35ad81826ca8c3073479e252a6ab07c2e4dd9316876f72e99",
            "directory_permission": "0777",
            "file_permission": "0777",
            "filename": "C:/Users/ATGWORKS/OneDrive/Desktop/Terraform/COURSE/01_basics/example.txt",
            "id": "be48af091887608a823c4c5471261111826b6e48",
            "sensitive_content": null,
            "source": null
          },
          "sensitive_attributes": [
            [
              {
                "type": "get_attr",
                "value": "sensitive_content"
              }
            ]
          ]
        }
      ]
    }
  ],
  "check_results": null
}
