{
  "version": 4,
  "terraform_version": "1.9.8",
  "serial": 22,
  "lineage": "c5dcc07f-ce7c-ed9a-b849-6282a68bf042",
  "outputs": {},
  "resources": [
    {
      "mode": "managed",
      "type": "local_file",
      "name": "local_name",
      "provider": "provider[\"registry.terraform.io/hashicorp/local\"]",
      "instances": [
        {
          "schema_version": 0,
          "attributes": {
            "content": "This line is updated",
            "content_base64": null,
            "content_base64sha256": "Uli6WrJwUhGp8xwCZTDghlwb81NuY3t5+gzZJ4NAoxQ=",
            "content_base64sha512": "0QYDEoEU/ao1V5vc+NIBBinUFbcLvvEbEfuLS86yvSpFDeIaOUWr01rYGCbKjDBzR54lKmqwfC5N2TFodvcumQ==",
            "content_md5": "29ca4d3a8afcc43e206a4a317409cb77",
            "content_sha1": "be48af091887608a823c4c5471261111826b6e48",
            "content_sha256": "5258ba5ab2705211a9f31c026530e0865c1bf3536e637b79fa0cd9278340a314",
            "content_sha512": "d10603128114fdaa35579bdcf8d2010629d415b70bbef11b11fb8b4bceb2bd2a450de21a3945abd35ad81826ca8c3073479e252a6ab07c2e4dd9316876f72e99",
            "directory_permission": "0777",
            "file_permission": "0777",
            "filename": "C:/Users/ATGWORKS/OneDrive/Desktop/Terraform/COURSE/01_basics/localFile.txt",
            "id": "be48af091887608a823c4c5471261111826b6e48",
            "sensitive_content": null,
            "source": null
          },
          "sensitive_attributes": [
            [
              {
                "type": "get_attr",
                "value": "sensitive_content"
              }
            ]
          ]
        }
      ]
    },
    {
      "mode": "managed",
      "type": "local_sensitive_file",
      "name": "local_sensitive_name",
      "provider": "provider[\"registry.terraform.io/hashicorp/local\"]",
      "instances": [
        {
          "schema_version": 0,
          "attributes": {
            "content": "This is a senstive information.",
            "content_base64": null,
            "content_base64sha256": "x4mbFj/iTLAzntdprM7qYj8sqma/ZYLYKaAHCt0L7T8=",
            "content_base64sha512": "UVkebI1XYyBe7DbM4CRpz+3a1vVERM/itezwTZ5lgE6FpPzcXOxo9p/hzPZ5wGgrI5AmrCm+e6tpXDKd2a4cHw==",
            "content_md5": "f0a8c70976742a2a8547791f52a906c8",
            "content_sha1": "91ca50bfa9ce2c9f0db1241554218753af170320",
            "content_sha256": "c7899b163fe24cb0339ed769acceea623f2caa66bf6582d829a0070add0bed3f",
            "content_sha512": "51591e6c8d5763205eec36cce02469cfeddad6f54444cfe2b5ecf04d9e65804e85a4fcdc5cec68f69fe1ccf679c0682b239026ac29be7bab695c329dd9ae1c1f",
            "directory_permission": "0700",
            "file_permission": "0700",
            "filename": "C:/Users/ATGWORKS/OneDrive/Desktop/Terraform/COURSE/01_basics/localSenstiveFile.txt",
            "id": "91ca50bfa9ce2c9f0db1241554218753af170320",
            "source": null
          },
          "sensitive_attributes": [
            [
              {
                "type": "get_attr",
                "value": "content_base64"
              }
            ],
            [
              {
                "type": "get_attr",
                "value": "content"
              }
            ]
          ]
        }
      ]
    }
  ],
  "check_results": null
}
