{
  "version": 4,
  "terraform_version": "1.9.8",
  "serial": 49,
  "lineage": "e6166608-f27a-7e72-512e-74c507f282db",
  "outputs": {
    "FN1": {
      "value": "./Configs/DEV/server5.sh",
      "type": "string"
    }
  },
  "resources": [
    {
      "mode": "managed",
      "type": "local_file",
      "name": "fileName1",
      "provider": "provider[\"registry.terraform.io/hashicorp/local\"]",
      "instances": [
        {
          "index_key": 0,
          "schema_version": 0,
          "attributes": {
            "content": "This is File1",
            "content_base64": null,
            "content_base64sha256": "mqnUWie2LnflA3yUEzLIYuclxN7iQZZ/ANYKuGDu6aE=",
            "content_base64sha512": "K8qmk07mY9fRFCcBuM3TYYHwWwYTTsWE9/qBnLJ/dSPrzaUn7/fHY5Strm1UUL1riYNqNQy2ipFmpchQnEJW7A==",
            "content_md5": "95317f9e1423ac4ddca71af0981afefb",
            "content_sha1": "e8dfb879ddc708ea337a00e9b5580b498193bd2d",
            "content_sha256": "9aa9d45a27b62e77e5037c941332c862e725c4dee241967f00d60ab860eee9a1",
            "content_sha512": "2bcaa6934ee663d7d1142701b8cdd36181f05b06134ec584f7fa819cb27f7523ebcda527eff7c76394adae6d5450bd6b89836a350cb68a9166a5c8509c4256ec",
            "directory_permission": "0777",
            "file_permission": "0777",
            "filename": "./example1.txt",
            "id": "e8dfb879ddc708ea337a00e9b5580b498193bd2d",
            "sensitive_content": null,
            "source": null
          },
          "sensitive_attributes": [
            [
              {
                "type": "get_attr",
                "value": "sensitive_content"
              }
            ]
          ]
        }
      ]
    },
    {
      "mode": "managed",
      "type": "local_file",
      "name": "fileName2",
      "provider": "provider[\"registry.terraform.io/hashicorp/local\"]",
      "instances": [
        {
          "index_key": 0,
          "schema_version": 0,
          "attributes": {
            "content": "This is File2",
            "content_base64": null,
            "content_base64sha256": "jVNISTuOpcWmC32p7A9NIb6BlhFMdFk3mLSSbqLlnRE=",
            "content_base64sha512": "9VZCerKT/U85bQHrzS/Ny7dUSa3Gv0c0LMB6R9Nrs2sjqkczSODf5y51+DMDZzl7E0HhNeo4Ur5SQPuLyGg61g==",
            "content_md5": "a6ca8de2a38c832c57baf0522766adfc",
            "content_sha1": "c28739a884e3742ea784f63dd52d9a4a90372235",
            "content_sha256": "8d5348493b8ea5c5a60b7da9ec0f4d21be8196114c74593798b4926ea2e59d11",
            "content_sha512": "f556427ab293fd4f396d01ebcd2fcdcbb75449adc6bf47342cc07a47d36bb36b23aa473348e0dfe72e75f8330367397b1341e135ea3852be5240fb8bc8683ad6",
            "directory_permission": "0777",
            "file_permission": "0777",
            "filename": "./example2.txt",
            "id": "c28739a884e3742ea784f63dd52d9a4a90372235",
            "sensitive_content": null,
            "source": null
          },
          "sensitive_attributes": [
            [
              {
                "type": "get_attr",
                "value": "sensitive_content"
              }
            ]
          ]
        }
      ]
    },
    {
      "mode": "managed",
      "type": "local_file",
      "name": "fileName3",
      "provider": "provider[\"registry.terraform.io/hashicorp/local\"]",
      "instances": [
        {
          "index_key": 0,
          "schema_version": 0,
          "attributes": {
            "content": "This is File3",
            "content_base64": null,
            "content_base64sha256": "PhauhsSNQgJLp8U24d49UJ8ty4e8za7jFQ+5/yUQneM=",
            "content_base64sha512": "sX34AJjJVkIo8RGSVDUc/b5CigCt2VrS2q/FIPxigjAlh8mP1vUprYLUCzD8eiI+SAYYSol/uRvNHNoNkXM8EA==",
            "content_md5": "ed8c43bc1937e514e90861a252f1c2ba",
            "content_sha1": "995ea3c9a13945c2415a0881cc1bdac7a526b681",
            "content_sha256": "3e16ae86c48d42024ba7c536e1de3d509f2dcb87bccdaee3150fb9ff25109de3",
            "content_sha512": "b17df80098c9564228f1119254351cfdbe428a00add95ad2daafc520fc6282302587c98fd6f529ad82d40b30fc7a223e4806184a897fb91bcd1cda0d91733c10",
            "directory_permission": "0777",
            "file_permission": "0777",
            "filename": "./example3.txt",
            "id": "995ea3c9a13945c2415a0881cc1bdac7a526b681",
            "sensitive_content": null,
            "source": null
          },
          "sensitive_attributes": [
            [
              {
                "type": "get_attr",
                "value": "sensitive_content"
              }
            ]
          ]
        }
      ]
    },
    {
      "mode": "managed",
      "type": "local_file",
      "name": "fileName4",
      "provider": "provider[\"registry.terraform.io/hashicorp/local\"]",
      "instances": [
        {
          "schema_version": 0,
          "attributes": {
            "content": "This file is used local variable",
            "content_base64": null,
            "content_base64sha256": "TzDv+3jZKkYpU7B4J0eKC7ctU5Qb0zfhypWjnrci9NM=",
            "content_base64sha512": "iS8NDXZtHhzfcFDZhAvKDOz4laUynwFYLapIGnOfyo0futaiD4RTCIocBebju6V7bTaluBLxup8XVZ56+Epzbw==",
            "content_md5": "8de08401911623ca17d94715a91f78f4",
            "content_sha1": "cc958b540302b3b9a1ced879c8f1baffab0f5d72",
            "content_sha256": "4f30effb78d92a462953b07827478a0bb72d53941bd337e1ca95a39eb722f4d3",
            "content_sha512": "892f0d0d766d1e1cdf7050d9840bca0cecf895a5329f01582daa481a739fca8d1fbad6a20f8453088a1c05e6e3bba57b6d36a5b812f1ba9f17559e7af84a736f",
            "directory_permission": "0777",
            "file_permission": "0777",
            "filename": "./Files/filename.md",
            "id": "cc958b540302b3b9a1ced879c8f1baffab0f5d72",
            "sensitive_content": null,
            "source": null
          },
          "sensitive_attributes": [
            [
              {
                "type": "get_attr",
                "value": "sensitive_content"
              }
            ]
          ]
        }
      ]
    },
    {
      "mode": "managed",
      "type": "local_file",
      "name": "server",
      "provider": "provider[\"registry.terraform.io/hashicorp/local\"]",
      "instances": [
        {
          "schema_version": 0,
          "attributes": {
            "content": "  environment = DEV\r\n  port = 3003\r\n",
            "content_base64": null,
            "content_base64sha256": "bx6lVcwN1GQTQxl+DYyEi/rX4rAilZS9/jkIP10yM7M=",
            "content_base64sha512": "RZipGmuiyW+ovpX7CSmKqm+po6CXCwjiaDNF4oRbzeEhl75YPK60tsbbZKNR7jQ1pNinVUntsY7SJTUzoc0Hzw==",
            "content_md5": "7b3c6d757c8173e8f36a65774422a714",
            "content_sha1": "4ae324a3719b118991562ce620319b29714d1690",
            "content_sha256": "6f1ea555cc0dd4641343197e0d8c848bfad7e2b0229594bdfe39083f5d3233b3",
            "content_sha512": "4598a91a6ba2c96fa8be95fb09298aaa6fa9a3a0970b08e2683345e2845bcde12197be583caeb4b6c6db64a351ee3435a4d8a75549edb18ed2253533a1cd07cf",
            "directory_permission": "0777",
            "file_permission": "0777",
            "filename": "./Configs/DEV/server5.sh",
            "id": "4ae324a3719b118991562ce620319b29714d1690",
            "sensitive_content": null,
            "source": null
          },
          "sensitive_attributes": [
            [
              {
                "type": "get_attr",
                "value": "sensitive_content"
              }
            ]
          ]
        }
      ]
    }
  ],
  "check_results": null
}
