{
  "version": 4,
  "terraform_version": "1.9.8",
  "serial": 1,
  "lineage": "e6166608-f27a-7e72-512e-74c507f282db",
  "outputs": {},
  "resources": [
    {
      "mode": "managed",
      "type": "local_file",
      "name": "fileName1",
      "provider": "provider[\"registry.terraform.io/hashicorp/local\"]",
      "instances": [
        {
          "schema_version": 0,
          "attributes": {
            "content": "This is File",
            "content_base64": null,
            "content_base64sha256": "+OqxJfnxBBaaqkWXH3QVwifIc83y2ceyVoJQYtmqtfA=",
            "content_base64sha512": "Pab4GYIxZ0AatfqySCo/SDHVHLMlMTt1WWNb4QonnPWk3pR4/wQlRX2lP9+7Bwzunf27QpkNEkNTx/GPytOFng==",
            "content_md5": "8348d5d10ec528d7bc4786f2138b1740",
            "content_sha1": "ebec9bd7ea32b039fd0dd1227f2e973fb031c615",
            "content_sha256": "f8eab125f9f104169aaa45971f7415c227c873cdf2d9c7b256825062d9aab5f0",
            "content_sha512": "3da6f819823167401ab5fab2482a3f4831d51cb325313b7559635be10a279cf5a4de9478ff0425457da53fdfbb070cee9dfdbb42990d124353c7f18fcad3859e",
            "directory_permission": "0777",
            "file_permission": "0777",
            "filename": "{pathmodule}/filename1",
            "id": "ebec9bd7ea32b039fd0dd1227f2e973fb031c615",
            "sensitive_content": null,
            "source": null
          },
          "sensitive_attributes": [
            [
              {
                "type": "get_attr",
                "value": "sensitive_content"
              }
            ]
          ]
        }
      ]
    }
  ],
  "check_results": null
}
